
Microsoft Visual Studio Solution File, Format Version 12.00
# Visual Studio Version 17
VisualStudioVersion = 17.0.32014.148
MinimumVisualStudioVersion = 10.0.40219.1
Project("{FAE04EC0-301F-11D3-BF4B-00C04F79EFBC}") = "CuratedArt", "CuratedArt.csproj", "{9D09DFC1-208F-484C-83F0-0E6E1A7D5C9E}"
EndProject
Global
	GlobalSection(SolutionConfigurationPlatforms) = preSolution
		Debug|Any CPU = Debug|Any CPU
		Release|Any CPU = Release|Any CPU
	EndGlobalSection
	GlobalSection(ProjectConfigurationPlatforms) = postSolution
		{9D09DFC1-208F-484C-83F0-0E6E1A7D5C9E}.Debug|Any CPU.ActiveCfg = Debug|Any CPU
		{9D09DFC1-208F-484C-83F0-0E6E1A7D5C9E}.Debug|Any CPU.Build.0 = Debug|Any CPU
		{9D09DFC1-208F-484C-83F0-0E6E1A7D5C9E}.Release|Any CPU.ActiveCfg = Release|Any CPU
		{9D09DFC1-208F-484C-83F0-0E6E1A7D5C9E}.Release|Any CPU.Build.0 = Release|Any CPU
	EndGlobalSection
	GlobalSection(SolutionProperties) = preSolution
		HideSolutionNode = FALSE
	EndGlobalSection
	GlobalSection(ExtensibilityGlobals) = postSolution
		SolutionGuid = {AE5E279C-5DBD-48C5-8B77-66F3CC908BF1}
	EndGlobalSection
EndGlobal
