
Microsoft Visual Studio Solution File, Format Version 12.00
# Visual Studio Version 16
VisualStudioVersion = 16.0.32106.194
MinimumVisualStudioVersion = 10.0.40219.1
Project("{9A19103F-16F7-4668-BE54-9A1E7A4F7556}") = "CuratedArt", "CuratedArt.csproj", "{68D18518-89BB-4DCE-B559-D0674F327D17}"
EndProject
Global
	GlobalSection(SolutionConfigurationPlatforms) = preSolution
		Debug|Any CPU = Debug|Any CPU
		Release|Any CPU = Release|Any CPU
	EndGlobalSection
	GlobalSection(ProjectConfigurationPlatforms) = postSolution
		{68D18518-89BB-4DCE-B559-D0674F327D17}.Debug|Any CPU.ActiveCfg = Debug|Any CPU
		{68D18518-89BB-4DCE-B559-D0674F327D17}.Debug|Any CPU.Build.0 = Debug|Any CPU
		{68D18518-89BB-4DCE-B559-D0674F327D17}.Release|Any CPU.ActiveCfg = Release|Any CPU
		{68D18518-89BB-4DCE-B559-D0674F327D17}.Release|Any CPU.Build.0 = Release|Any CPU
	EndGlobalSection
	GlobalSection(SolutionProperties) = preSolution
		HideSolutionNode = FALSE
	EndGlobalSection
	GlobalSection(ExtensibilityGlobals) = postSolution
		SolutionGuid = {CEB11468-0DFC-44DE-95C9-B84ADB08CC13}
	EndGlobalSection
EndGlobal
